
Microsoft Visual Studio Solution File, Format Version 12.00
# Visual Studio 15
VisualStudioVersion = 15.0.28307.572
MinimumVisualStudioVersion = 10.0.40219.1
Project("{FAE04EC0-301F-11D3-BF4B-00C04F79EFBC}") = "MVC_ATMDEM", "MVC_ATMDEM\MVC_ATMDEM.csproj", "{C14B41ED-F7C6-4F6C-919C-DFC85C7B8DA4}"
EndProject
Project("{FAE04EC0-301F-11D3-BF4B-00C04F79EFBC}") = "MVC_ATMDEM.Tests", "MVC_ATMDEM.Tests\MVC_ATMDEM.Tests.csproj", "{97ED8D16-831D-4DEA-BC8A-0E3E4C4CC820}"
EndProject
Global
	GlobalSection(SolutionConfigurationPlatforms) = preSolution
		Debug|Any CPU = Debug|Any CPU
		Release|Any CPU = Release|Any CPU
	EndGlobalSection
	GlobalSection(ProjectConfigurationPlatforms) = postSolution
		{C14B41ED-F7C6-4F6C-919C-DFC85C7B8DA4}.Debug|Any CPU.ActiveCfg = Debug|Any CPU
		{C14B41ED-F7C6-4F6C-919C-DFC85C7B8DA4}.Debug|Any CPU.Build.0 = Debug|Any CPU
		{C14B41ED-F7C6-4F6C-919C-DFC85C7B8DA4}.Release|Any CPU.ActiveCfg = Release|Any CPU
		{C14B41ED-F7C6-4F6C-919C-DFC85C7B8DA4}.Release|Any CPU.Build.0 = Release|Any CPU
		{97ED8D16-831D-4DEA-BC8A-0E3E4C4CC820}.Debug|Any CPU.ActiveCfg = Debug|Any CPU
		{97ED8D16-831D-4DEA-BC8A-0E3E4C4CC820}.Debug|Any CPU.Build.0 = Debug|Any CPU
		{97ED8D16-831D-4DEA-BC8A-0E3E4C4CC820}.Release|Any CPU.ActiveCfg = Release|Any CPU
		{97ED8D16-831D-4DEA-BC8A-0E3E4C4CC820}.Release|Any CPU.Build.0 = Release|Any CPU
	EndGlobalSection
	GlobalSection(SolutionProperties) = preSolution
		HideSolutionNode = FALSE
	EndGlobalSection
	GlobalSection(ExtensibilityGlobals) = postSolution
		SolutionGuid = {D3713C7B-F66A-4920-BF47-31C2F20EF2FF}
	EndGlobalSection
EndGlobal
